{
  "name": "invmnth2018",
  "version": "1.0.0",
  "lockfileVersion": 1,
  "requires": true,
  "dependencies": {
    "siimple": {
      "version": "3.1.0-beta.4",
      "resolved": "https://registry.npmjs.org/siimple/-/siimple-3.1.0-beta.4.tgz",
      "integrity": "sha512-Qj8hteDcknW6ktwg9Mb/QtlE6G+yqdueGNiMkXNe+A1d0LV267RBJv8VhQGXB482Ddj6pibysPKpNkrD8y7oFA==",
      "dev": true
    }
  }
}
